// !$*UTF8*$!
{
	archiveVersion = 1;
	classes = {
	};
	objectVersion = 50;
	objects = {

/* Begin PBXBuildFile section */
		4BFA01E221C93BDE0070FE15 /* AppDelegate.swift in Sources */ = {isa = PBXBuildFile; fileRef = 4BFA01E121C93BDE0070FE15 /* AppDelegate.swift */; };
		4BFA01E421C93BDE0070FE15 /* TranslateViewController.swift in Sources */ = {isa = PBXBuildFile; fileRef = 4BFA01E321C93BDE0070FE15 /* TranslateViewController.swift */; };
		4BFA01E721C93BDE0070FE15 /* Main.storyboard in Resources */ = {isa = PBXBuildFile; fileRef = 4BFA01E521C93BDE0070FE15 /* Main.storyboard */; };
		4BFA01EA21C93BDE0070FE15 /* SimpleTranslator.xcdatamodeld in Sources */ = {isa = PBXBuildFile; fileRef = 4BFA01E821C93BDE0070FE15 /* SimpleTranslator.xcdatamodeld */; };
		4BFA01EC21C93BDF0070FE15 /* Assets.xcassets in Resources */ = {isa = PBXBuildFile; fileRef = 4BFA01EB21C93BDF0070FE15 /* Assets.xcassets */; };
		4BFA01EF21C93BDF0070FE15 /* LaunchScreen.storyboard in Resources */ = {isa = PBXBuildFile; fileRef = 4BFA01ED21C93BDF0070FE15 /* LaunchScreen.storyboard */; };
		4BFA01FA21C93BDF0070FE15 /* SimpleTranslatorTests.swift in Sources */ = {isa = PBXBuildFile; fileRef = 4BFA01F921C93BDF0070FE15 /* SimpleTranslatorTests.swift */; };
		4BFA020521C93BDF0070FE15 /* SimpleTranslatorUITests.swift in Sources */ = {isa = PBXBuildFile; fileRef = 4BFA020421C93BDF0070FE15 /* SimpleTranslatorUITests.swift */; };
		4BFA021421C95B0B0070FE15 /* ReverseLanguageViewWithButtons.swift in Sources */ = {isa = PBXBuildFile; fileRef = 4BFA021321C95B0B0070FE15 /* ReverseLanguageViewWithButtons.swift */; };
		4BFA021621CA46030070FE15 /* change-01-512.png in Resources */ = {isa = PBXBuildFile; fileRef = 4BFA021521CA46030070FE15 /* change-01-512.png */; };
		4BFA021821CA5A150070FE15 /* Language.swift in Sources */ = {isa = PBXBuildFile; fileRef = 4BFA021721CA5A150070FE15 /* Language.swift */; };
		4BFA022621CB876F0070FE15 /* CoreDataManager.swift in Sources */ = {isa = PBXBuildFile; fileRef = 4BFA022521CB876F0070FE15 /* CoreDataManager.swift */; };
		4BFA022821CB8A2E0070FE15 /* CoreDataEngine.swift in Sources */ = {isa = PBXBuildFile; fileRef = 4BFA022721CB8A2E0070FE15 /* CoreDataEngine.swift */; };
/* End PBXBuildFile section */

/* Begin PBXContainerItemProxy section */
		4BFA01F621C93BDF0070FE15 /* PBXContainerItemProxy */ = {
			isa = PBXContainerItemProxy;
			containerPortal = 4BFA01D621C93BDE0070FE15 /* Project object */;
			proxyType = 1;
			remoteGlobalIDString = 4BFA01DD21C93BDE0070FE15;
			remoteInfo = SimpleTranslator;
		};
		4BFA020121C93BDF0070FE15 /* PBXContainerItemProxy */ = {
			isa = PBXContainerItemProxy;
			containerPortal = 4BFA01D621C93BDE0070FE15 /* Project object */;
			proxyType = 1;
			remoteGlobalIDString = 4BFA01DD21C93BDE0070FE15;
			remoteInfo = SimpleTranslator;
		};
/* End PBXContainerItemProxy section */

/* Begin PBXFileReference section */
		4BFA01DE21C93BDE0070FE15 /* SimpleTranslator.app */ = {isa = PBXFileReference; explicitFileType = wrapper.application; includeInIndex = 0; path = SimpleTranslator.app; sourceTree = BUILT_PRODUCTS_DIR; };
		4BFA01E121C93BDE0070FE15 /* AppDelegate.swift */ = {isa = PBXFileReference; lastKnownFileType = sourcecode.swift; path = AppDelegate.swift; sourceTree = "<group>"; };
		4BFA01E321C93BDE0070FE15 /* TranslateViewController.swift */ = {isa = PBXFileReference; lastKnownFileType = sourcecode.swift; path = TranslateViewController.swift; sourceTree = "<group>"; };
		4BFA01E621C93BDE0070FE15 /* Base */ = {isa = PBXFileReference; lastKnownFileType = file.storyboard; name = Base; path = Base.lproj/Main.storyboard; sourceTree = "<group>"; };
		4BFA01E921C93BDE0070FE15 /* SimpleTranslator.xcdatamodel */ = {isa = PBXFileReference; lastKnownFileType = wrapper.xcdatamodel; path = SimpleTranslator.xcdatamodel; sourceTree = "<group>"; };
		4BFA01EB21C93BDF0070FE15 /* Assets.xcassets */ = {isa = PBXFileReference; lastKnownFileType = folder.assetcatalog; path = Assets.xcassets; sourceTree = "<group>"; };
		4BFA01EE21C93BDF0070FE15 /* Base */ = {isa = PBXFileReference; lastKnownFileType = file.storyboard; name = Base; path = Base.lproj/LaunchScreen.storyboard; sourceTree = "<group>"; };
		4BFA01F021C93BDF0070FE15 /* Info.plist */ = {isa = PBXFileReference; lastKnownFileType = text.plist.xml; path = Info.plist; sourceTree = "<group>"; };
		4BFA01F521C93BDF0070FE15 /* SimpleTranslatorTests.xctest */ = {isa = PBXFileReference; explicitFileType = wrapper.cfbundle; includeInIndex = 0; path = SimpleTranslatorTests.xctest; sourceTree = BUILT_PRODUCTS_DIR; };
		4BFA01F921C93BDF0070FE15 /* SimpleTranslatorTests.swift */ = {isa = PBXFileReference; lastKnownFileType = sourcecode.swift; path = SimpleTranslatorTests.swift; sourceTree = "<group>"; };
		4BFA01FB21C93BDF0070FE15 /* Info.plist */ = {isa = PBXFileReference; lastKnownFileType = text.plist.xml; path = Info.plist; sourceTree = "<group>"; };
		4BFA020021C93BDF0070FE15 /* SimpleTranslatorUITests.xctest */ = {isa = PBXFileReference; explicitFileType = wrapper.cfbundle; includeInIndex = 0; path = SimpleTranslatorUITests.xctest; sourceTree = BUILT_PRODUCTS_DIR; };
		4BFA020421C93BDF0070FE15 /* SimpleTranslatorUITests.swift */ = {isa = PBXFileReference; lastKnownFileType = sourcecode.swift; path = SimpleTranslatorUITests.swift; sourceTree = "<group>"; };
		4BFA020621C93BDF0070FE15 /* Info.plist */ = {isa = PBXFileReference; lastKnownFileType = text.plist.xml; path = Info.plist; sourceTree = "<group>"; };
		4BFA021321C95B0B0070FE15 /* ReverseLanguageViewWithButtons.swift */ = {isa = PBXFileReference; lastKnownFileType = sourcecode.swift; path = ReverseLanguageViewWithButtons.swift; sourceTree = "<group>"; };
		4BFA021521CA46030070FE15 /* change-01-512.png */ = {isa = PBXFileReference; lastKnownFileType = image.png; path = "change-01-512.png"; sourceTree = "<group>"; };
		4BFA021721CA5A150070FE15 /* Language.swift */ = {isa = PBXFileReference; lastKnownFileType = sourcecode.swift; path = Language.swift; sourceTree = "<group>"; };
		4BFA022521CB876F0070FE15 /* CoreDataManager.swift */ = {isa = PBXFileReference; lastKnownFileType = sourcecode.swift; path = CoreDataManager.swift; sourceTree = "<group>"; };
		4BFA022721CB8A2E0070FE15 /* CoreDataEngine.swift */ = {isa = PBXFileReference; lastKnownFileType = sourcecode.swift; path = CoreDataEngine.swift; sourceTree = "<group>"; };
/* End PBXFileReference section */

/* Begin PBXFrameworksBuildPhase section */
		4BFA01DB21C93BDE0070FE15 /* Frameworks */ = {
			isa = PBXFrameworksBuildPhase;
			buildActionMask = 2147483647;
			files = (
			);
			runOnlyForDeploymentPostprocessing = 0;
		};
		4BFA01F221C93BDF0070FE15 /* Frameworks */ = {
			isa = PBXFrameworksBuildPhase;
			buildActionMask = 2147483647;
			files = (
			);
			runOnlyForDeploymentPostprocessing = 0;
		};
		4BFA01FD21C93BDF0070FE15 /* Frameworks */ = {
			isa = PBXFrameworksBuildPhase;
			buildActionMask = 2147483647;
			files = (
			);
			runOnlyForDeploymentPostprocessing = 0;
		};
/* End PBXFrameworksBuildPhase section */

/* Begin PBXGroup section */
		4BFA01D521C93BDE0070FE15 = {
			isa = PBXGroup;
			children = (
				4BFA01E021C93BDE0070FE15 /* SimpleTranslator */,
				4BFA01F821C93BDF0070FE15 /* SimpleTranslatorTests */,
				4BFA020321C93BDF0070FE15 /* SimpleTranslatorUITests */,
				4BFA01DF21C93BDE0070FE15 /* Products */,
			);
			sourceTree = "<group>";
		};
		4BFA01DF21C93BDE0070FE15 /* Products */ = {
			isa = PBXGroup;
			children = (
				4BFA01DE21C93BDE0070FE15 /* SimpleTranslator.app */,
				4BFA01F521C93BDF0070FE15 /* SimpleTranslatorTests.xctest */,
				4BFA020021C93BDF0070FE15 /* SimpleTranslatorUITests.xctest */,
			);
			name = Products;
			sourceTree = "<group>";
		};
		4BFA01E021C93BDE0070FE15 /* SimpleTranslator */ = {
			isa = PBXGroup;
			children = (
				4BFA01E121C93BDE0070FE15 /* AppDelegate.swift */,
				4BFA022521CB876F0070FE15 /* CoreDataManager.swift */,
				4BFA022721CB8A2E0070FE15 /* CoreDataEngine.swift */,
				4BFA021921CA5FDF0070FE15 /* translate */,
				4BFA021221C93F2C0070FE15 /* sourses */,
				4BFA01E521C93BDE0070FE15 /* Main.storyboard */,
				4BFA01EB21C93BDF0070FE15 /* Assets.xcassets */,
				4BFA01ED21C93BDF0070FE15 /* LaunchScreen.storyboard */,
				4BFA01F021C93BDF0070FE15 /* Info.plist */,
				4BFA01E821C93BDE0070FE15 /* SimpleTranslator.xcdatamodeld */,
			);
			path = SimpleTranslator;
			sourceTree = "<group>";
		};
		4BFA01F821C93BDF0070FE15 /* SimpleTranslatorTests */ = {
			isa = PBXGroup;
			children = (
				4BFA01F921C93BDF0070FE15 /* SimpleTranslatorTests.swift */,
				4BFA01FB21C93BDF0070FE15 /* Info.plist */,
			);
			path = SimpleTranslatorTests;
			sourceTree = "<group>";
		};
		4BFA020321C93BDF0070FE15 /* SimpleTranslatorUITests */ = {
			isa = PBXGroup;
			children = (
				4BFA020421C93BDF0070FE15 /* SimpleTranslatorUITests.swift */,
				4BFA020621C93BDF0070FE15 /* Info.plist */,
			);
			path = SimpleTranslatorUITests;
			sourceTree = "<group>";
		};
		4BFA021221C93F2C0070FE15 /* sourses */ = {
			isa = PBXGroup;
			children = (
				4BFA021721CA5A150070FE15 /* Language.swift */,
				4BFA021521CA46030070FE15 /* change-01-512.png */,
			);
			path = sourses;
			sourceTree = "<group>";
		};
		4BFA021921CA5FDF0070FE15 /* translate */ = {
			isa = PBXGroup;
			children = (
				4BFA01E321C93BDE0070FE15 /* TranslateViewController.swift */,
				4BFA021321C95B0B0070FE15 /* ReverseLanguageViewWithButtons.swift */,
			);
			path = translate;
			sourceTree = "<group>";
		};
/* End PBXGroup section */

/* Begin PBXNativeTarget section */
		4BFA01DD21C93BDE0070FE15 /* SimpleTranslator */ = {
			isa = PBXNativeTarget;
			buildConfigurationList = 4BFA020921C93BDF0070FE15 /* Build configuration list for PBXNativeTarget "SimpleTranslator" */;
			buildPhases = (
				4BFA01DA21C93BDE0070FE15 /* Sources */,
				4BFA01DB21C93BDE0070FE15 /* Frameworks */,
				4BFA01DC21C93BDE0070FE15 /* Resources */,
			);
			buildRules = (
			);
			dependencies = (
			);
			name = SimpleTranslator;
			productName = SimpleTranslator;
			productReference = 4BFA01DE21C93BDE0070FE15 /* SimpleTranslator.app */;
			productType = "com.apple.product-type.application";
		};
		4BFA01F421C93BDF0070FE15 /* SimpleTranslatorTests */ = {
			isa = PBXNativeTarget;
			buildConfigurationList = 4BFA020C21C93BDF0070FE15 /* Build configuration list for PBXNativeTarget "SimpleTranslatorTests" */;
			buildPhases = (
				4BFA01F121C93BDF0070FE15 /* Sources */,
				4BFA01F221C93BDF0070FE15 /* Frameworks */,
				4BFA01F321C93BDF0070FE15 /* Resources */,
			);
			buildRules = (
			);
			dependencies = (
				4BFA01F721C93BDF0070FE15 /* PBXTargetDependency */,
			);
			name = SimpleTranslatorTests;
			productName = SimpleTranslatorTests;
			productReference = 4BFA01F521C93BDF0070FE15 /* SimpleTranslatorTests.xctest */;
			productType = "com.apple.product-type.bundle.unit-test";
		};
		4BFA01FF21C93BDF0070FE15 /* SimpleTranslatorUITests */ = {
			isa = PBXNativeTarget;
			buildConfigurationList = 4BFA020F21C93BDF0070FE15 /* Build configuration list for PBXNativeTarget "SimpleTranslatorUITests" */;
			buildPhases = (
				4BFA01FC21C93BDF0070FE15 /* Sources */,
				4BFA01FD21C93BDF0070FE15 /* Frameworks */,
				4BFA01FE21C93BDF0070FE15 /* Resources */,
			);
			buildRules = (
			);
			dependencies = (
				4BFA020221C93BDF0070FE15 /* PBXTargetDependency */,
			);
			name = SimpleTranslatorUITests;
			productName = SimpleTranslatorUITests;
			productReference = 4BFA020021C93BDF0070FE15 /* SimpleTranslatorUITests.xctest */;
			productType = "com.apple.product-type.bundle.ui-testing";
		};
/* End PBXNativeTarget section */

/* Begin PBXProject section */
		4BFA01D621C93BDE0070FE15 /* Project object */ = {
			isa = PBXProject;
			attributes = {
				LastSwiftUpdateCheck = 1000;
				LastUpgradeCheck = 1000;
				ORGANIZATIONNAME = none;
				TargetAttributes = {
					4BFA01DD21C93BDE0070FE15 = {
						CreatedOnToolsVersion = 10.0;
					};
					4BFA01F421C93BDF0070FE15 = {
						CreatedOnToolsVersion = 10.0;
						TestTargetID = 4BFA01DD21C93BDE0070FE15;
					};
					4BFA01FF21C93BDF0070FE15 = {
						CreatedOnToolsVersion = 10.0;
						TestTargetID = 4BFA01DD21C93BDE0070FE15;
					};
				};
			};
			buildConfigurationList = 4BFA01D921C93BDE0070FE15 /* Build configuration list for PBXProject "SimpleTranslator" */;
			compatibilityVersion = "Xcode 9.3";
			developmentRegion = en;
			hasScannedForEncodings = 0;
			knownRegions = (
				en,
				Base,
			);
			mainGroup = 4BFA01D521C93BDE0070FE15;
			productRefGroup = 4BFA01DF21C93BDE0070FE15 /* Products */;
			projectDirPath = "";
			projectRoot = "";
			targets = (
				4BFA01DD21C93BDE0070FE15 /* SimpleTranslator */,
				4BFA01F421C93BDF0070FE15 /* SimpleTranslatorTests */,
				4BFA01FF21C93BDF0070FE15 /* SimpleTranslatorUITests */,
			);
		};
/* End PBXProject section */

/* Begin PBXResourcesBuildPhase section */
		4BFA01DC21C93BDE0070FE15 /* Resources */ = {
			isa = PBXResourcesBuildPhase;
			buildActionMask = 2147483647;
			files = (
				4BFA01EF21C93BDF0070FE15 /* LaunchScreen.storyboard in Resources */,
				4BFA021621CA46030070FE15 /* change-01-512.png in Resources */,
				4BFA01EC21C93BDF0070FE15 /* Assets.xcassets in Resources */,
				4BFA01E721C93BDE0070FE15 /* Main.storyboard in Resources */,
			);
			runOnlyForDeploymentPostprocessing = 0;
		};
		4BFA01F321C93BDF0070FE15 /* Resources */ = {
			isa = PBXResourcesBuildPhase;
			buildActionMask = 2147483647;
			files = (
			);
			runOnlyForDeploymentPostprocessing = 0;
		};
		4BFA01FE21C93BDF0070FE15 /* Resources */ = {
			isa = PBXResourcesBuildPhase;
			buildActionMask = 2147483647;
			files = (
			);
			runOnlyForDeploymentPostprocessing = 0;
		};
/* End PBXResourcesBuildPhase section */

/* Begin PBXSourcesBuildPhase section */
		4BFA01DA21C93BDE0070FE15 /* Sources */ = {
			isa = PBXSourcesBuildPhase;
			buildActionMask = 2147483647;
			files = (
				4BFA01E421C93BDE0070FE15 /* TranslateViewController.swift in Sources */,
				4BFA022821CB8A2E0070FE15 /* CoreDataEngine.swift in Sources */,
				4BFA022621CB876F0070FE15 /* CoreDataManager.swift in Sources */,
				4BFA021821CA5A150070FE15 /* Language.swift in Sources */,
				4BFA021421C95B0B0070FE15 /* ReverseLanguageViewWithButtons.swift in Sources */,
				4BFA01E221C93BDE0070FE15 /* AppDelegate.swift in Sources */,
				4BFA01EA21C93BDE0070FE15 /* SimpleTranslator.xcdatamodeld in Sources */,
			);
			runOnlyForDeploymentPostprocessing = 0;
		};
		4BFA01F121C93BDF0070FE15 /* Sources */ = {
			isa = PBXSourcesBuildPhase;
			buildActionMask = 2147483647;
			files = (
				4BFA01FA21C93BDF0070FE15 /* SimpleTranslatorTests.swift in Sources */,
			);
			runOnlyForDeploymentPostprocessing = 0;
		};
		4BFA01FC21C93BDF0070FE15 /* Sources */ = {
			isa = PBXSourcesBuildPhase;
			buildActionMask = 2147483647;
			files = (
				4BFA020521C93BDF0070FE15 /* SimpleTranslatorUITests.swift in Sources */,
			);
			runOnlyForDeploymentPostprocessing = 0;
		};
/* End PBXSourcesBuildPhase section */

/* Begin PBXTargetDependency section */
		4BFA01F721C93BDF0070FE15 /* PBXTargetDependency */ = {
			isa = PBXTargetDependency;
			target = 4BFA01DD21C93BDE0070FE15 /* SimpleTranslator */;
			targetProxy = 4BFA01F621C93BDF0070FE15 /* PBXContainerItemProxy */;
		};
		4BFA020221C93BDF0070FE15 /* PBXTargetDependency */ = {
			isa = PBXTargetDependency;
			target = 4BFA01DD21C93BDE0070FE15 /* SimpleTranslator */;
			targetProxy = 4BFA020121C93BDF0070FE15 /* PBXContainerItemProxy */;
		};
/* End PBXTargetDependency section */

/* Begin PBXVariantGroup section */
		4BFA01E521C93BDE0070FE15 /* Main.storyboard */ = {
			isa = PBXVariantGroup;
			children = (
				4BFA01E621C93BDE0070FE15 /* Base */,
			);
			name = Main.storyboard;
			sourceTree = "<group>";
		};
		4BFA01ED21C93BDF0070FE15 /* LaunchScreen.storyboard */ = {
			isa = PBXVariantGroup;
			children = (
				4BFA01EE21C93BDF0070FE15 /* Base */,
			);
			name = LaunchScreen.storyboard;
			sourceTree = "<group>";
		};
/* End PBXVariantGroup section */

/* Begin XCBuildConfiguration section */
		4BFA020721C93BDF0070FE15 /* Debug */ = {
			isa = XCBuildConfiguration;
			buildSettings = {
				ALWAYS_SEARCH_USER_PATHS = NO;
				CLANG_ANALYZER_NONNULL = YES;
				CLANG_ANALYZER_NUMBER_OBJECT_CONVERSION = YES_AGGRESSIVE;
				CLANG_CXX_LANGUAGE_STANDARD = "gnu++14";
				CLANG_CXX_LIBRARY = "libc++";
				CLANG_ENABLE_MODULES = YES;
				CLANG_ENABLE_OBJC_ARC = YES;
				CLANG_ENABLE_OBJC_WEAK = YES;
				CLANG_WARN_BLOCK_CAPTURE_AUTORELEASING = YES;
				CLANG_WARN_BOOL_CONVERSION = YES;
				CLANG_WARN_COMMA = YES;
				CLANG_WARN_CONSTANT_CONVERSION = YES;
				CLANG_WARN_DEPRECATED_OBJC_IMPLEMENTATIONS = YES;
				CLANG_WARN_DIRECT_OBJC_ISA_USAGE = YES_ERROR;
				CLANG_WARN_DOCUMENTATION_COMMENTS = YES;
				CLANG_WARN_EMPTY_BODY = YES;
				CLANG_WARN_ENUM_CONVERSION = YES;
				CLANG_WARN_INFINITE_RECURSION = YES;
				CLANG_WARN_INT_CONVERSION = YES;
				CLANG_WARN_NON_LITERAL_NULL_CONVERSION = YES;
				CLANG_WARN_OBJC_IMPLICIT_RETAIN_SELF = YES;
				CLANG_WARN_OBJC_LITERAL_CONVERSION = YES;
				CLANG_WARN_OBJC_ROOT_CLASS = YES_ERROR;
				CLANG_WARN_RANGE_LOOP_ANALYSIS = YES;
				CLANG_WARN_STRICT_PROTOTYPES = YES;
				CLANG_WARN_SUSPICIOUS_MOVE = YES;
				CLANG_WARN_UNGUARDED_AVAILABILITY = YES_AGGRESSIVE;
				CLANG_WARN_UNREACHABLE_CODE = YES;
				CLANG_WARN__DUPLICATE_METHOD_MATCH = YES;
				CODE_SIGN_IDENTITY = "iPhone Developer";
				COPY_PHASE_STRIP = NO;
				DEBUG_INFORMATION_FORMAT = dwarf;
				ENABLE_STRICT_OBJC_MSGSEND = YES;
				ENABLE_TESTABILITY = YES;
				GCC_C_LANGUAGE_STANDARD = gnu11;
				GCC_DYNAMIC_NO_PIC = NO;
				GCC_NO_COMMON_BLOCKS = YES;
				GCC_OPTIMIZATION_LEVEL = 0;
				GCC_PREPROCESSOR_DEFINITIONS = (
					"DEBUG=1",
					"$(inherited)",
				);
				GCC_WARN_64_TO_32_BIT_CONVERSION = YES;
				GCC_WARN_ABOUT_RETURN_TYPE = YES_ERROR;
				GCC_WARN_UNDECLARED_SELECTOR = YES;
				GCC_WARN_UNINITIALIZED_AUTOS = YES_AGGRESSIVE;
				GCC_WARN_UNUSED_FUNCTION = YES;
				GCC_WARN_UNUSED_VARIABLE = YES;
				IPHONEOS_DEPLOYMENT_TARGET = 12.0;
				MTL_ENABLE_DEBUG_INFO = INCLUDE_SOURCE;
				MTL_FAST_MATH = YES;
				ONLY_ACTIVE_ARCH = YES;
				SDKROOT = iphoneos;
				SWIFT_ACTIVE_COMPILATION_CONDITIONS = DEBUG;
				SWIFT_OPTIMIZATION_LEVEL = "-Onone";
			};
			name = Debug;
		};
		4BFA020821C93BDF0070FE15 /* Release */ = {
			isa = XCBuildConfiguration;
			buildSettings = {
				ALWAYS_SEARCH_USER_PATHS = NO;
				CLANG_ANALYZER_NONNULL = YES;
				CLANG_ANALYZER_NUMBER_OBJECT_CONVERSION = YES_AGGRESSIVE;
				CLANG_CXX_LANGUAGE_STANDARD = "gnu++14";
				CLANG_CXX_LIBRARY = "libc++";
				CLANG_ENABLE_MODULES = YES;
				CLANG_ENABLE_OBJC_ARC = YES;
				CLANG_ENABLE_OBJC_WEAK = YES;
				CLANG_WARN_BLOCK_CAPTURE_AUTORELEASING = YES;
				CLANG_WARN_BOOL_CONVERSION = YES;
				CLANG_WARN_COMMA = YES;
				CLANG_WARN_CONSTANT_CONVERSION = YES;
				CLANG_WARN_DEPRECATED_OBJC_IMPLEMENTATIONS = YES;
				CLANG_WARN_DIRECT_OBJC_ISA_USAGE = YES_ERROR;
				CLANG_WARN_DOCUMENTATION_COMMENTS = YES;
				CLANG_WARN_EMPTY_BODY = YES;
				CLANG_WARN_ENUM_CONVERSION = YES;
				CLANG_WARN_INFINITE_RECURSION = YES;
				CLANG_WARN_INT_CONVERSION = YES;
				CLANG_WARN_NON_LITERAL_NULL_CONVERSION = YES;
				CLANG_WARN_OBJC_IMPLICIT_RETAIN_SELF = YES;
				CLANG_WARN_OBJC_LITERAL_CONVERSION = YES;
				CLANG_WARN_OBJC_ROOT_CLASS = YES_ERROR;
				CLANG_WARN_RANGE_LOOP_ANALYSIS = YES;
				CLANG_WARN_STRICT_PROTOTYPES = YES;
				CLANG_WARN_SUSPICIOUS_MOVE = YES;
				CLANG_WARN_UNGUARDED_AVAILABILITY = YES_AGGRESSIVE;
				CLANG_WARN_UNREACHABLE_CODE = YES;
				CLANG_WARN__DUPLICATE_METHOD_MATCH = YES;
				CODE_SIGN_IDENTITY = "iPhone Developer";
				COPY_PHASE_STRIP = NO;
				DEBUG_INFORMATION_FORMAT = "dwarf-with-dsym";
				ENABLE_NS_ASSERTIONS = NO;
				ENABLE_STRICT_OBJC_MSGSEND = YES;
				GCC_C_LANGUAGE_STANDARD = gnu11;
				GCC_NO_COMMON_BLOCKS = YES;
				GCC_WARN_64_TO_32_BIT_CONVERSION = YES;
				GCC_WARN_ABOUT_RETURN_TYPE = YES_ERROR;
				GCC_WARN_UNDECLARED_SELECTOR = YES;
				GCC_WARN_UNINITIALIZED_AUTOS = YES_AGGRESSIVE;
				GCC_WARN_UNUSED_FUNCTION = YES;
				GCC_WARN_UNUSED_VARIABLE = YES;
				IPHONEOS_DEPLOYMENT_TARGET = 12.0;
				MTL_ENABLE_DEBUG_INFO = NO;
				MTL_FAST_MATH = YES;
				SDKROOT = iphoneos;
				SWIFT_COMPILATION_MODE = wholemodule;
				SWIFT_OPTIMIZATION_LEVEL = "-O";
				VALIDATE_PRODUCT = YES;
			};
			name = Release;
		};
		4BFA020A21C93BDF0070FE15 /* Debug */ = {
			isa = XCBuildConfiguration;
			buildSettings = {
				ASSETCATALOG_COMPILER_APPICON_NAME = AppIcon;
				CODE_SIGN_STYLE = Automatic;
				INFOPLIST_FILE = SimpleTranslator/Info.plist;
				LD_RUNPATH_SEARCH_PATHS = (
					"$(inherited)",
					"@executable_path/Frameworks",
				);
				PRODUCT_BUNDLE_IDENTIFIER = none.SimpleTranslator;
				PRODUCT_NAME = "$(TARGET_NAME)";
				SWIFT_VERSION = 4.2;
				TARGETED_DEVICE_FAMILY = "1,2";
			};
			name = Debug;
		};
		4BFA020B21C93BDF0070FE15 /* Release */ = {
			isa = XCBuildConfiguration;
			buildSettings = {
				ASSETCATALOG_COMPILER_APPICON_NAME = AppIcon;
				CODE_SIGN_STYLE = Automatic;
				INFOPLIST_FILE = SimpleTranslator/Info.plist;
				LD_RUNPATH_SEARCH_PATHS = (
					"$(inherited)",
					"@executable_path/Frameworks",
				);
				PRODUCT_BUNDLE_IDENTIFIER = none.SimpleTranslator;
				PRODUCT_NAME = "$(TARGET_NAME)";
				SWIFT_VERSION = 4.2;
				TARGETED_DEVICE_FAMILY = "1,2";
			};
			name = Release;
		};
		4BFA020D21C93BDF0070FE15 /* Debug */ = {
			isa = XCBuildConfiguration;
			buildSettings = {
				ALWAYS_EMBED_SWIFT_STANDARD_LIBRARIES = YES;
				BUNDLE_LOADER = "$(TEST_HOST)";
				CODE_SIGN_STYLE = Automatic;
				INFOPLIST_FILE = SimpleTranslatorTests/Info.plist;
				LD_RUNPATH_SEARCH_PATHS = (
					"$(inherited)",
					"@executable_path/Frameworks",
					"@loader_path/Frameworks",
				);
				PRODUCT_BUNDLE_IDENTIFIER = none.SimpleTranslatorTests;
				PRODUCT_NAME = "$(TARGET_NAME)";
				SWIFT_VERSION = 4.2;
				TARGETED_DEVICE_FAMILY = "1,2";
				TEST_HOST = "$(BUILT_PRODUCTS_DIR)/SimpleTranslator.app/SimpleTranslator";
			};
			name = Debug;
		};
		4BFA020E21C93BDF0070FE15 /* Release */ = {
			isa = XCBuildConfiguration;
			buildSettings = {
				ALWAYS_EMBED_SWIFT_STANDARD_LIBRARIES = YES;
				BUNDLE_LOADER = "$(TEST_HOST)";
				CODE_SIGN_STYLE = Automatic;
				INFOPLIST_FILE = SimpleTranslatorTests/Info.plist;
				LD_RUNPATH_SEARCH_PATHS = (
					"$(inherited)",
					"@executable_path/Frameworks",
					"@loader_path/Frameworks",
				);
				PRODUCT_BUNDLE_IDENTIFIER = none.SimpleTranslatorTests;
				PRODUCT_NAME = "$(TARGET_NAME)";
				SWIFT_VERSION = 4.2;
				TARGETED_DEVICE_FAMILY = "1,2";
				TEST_HOST = "$(BUILT_PRODUCTS_DIR)/SimpleTranslator.app/SimpleTranslator";
			};
			name = Release;
		};
		4BFA021021C93BDF0070FE15 /* Debug */ = {
			isa = XCBuildConfiguration;
			buildSettings = {
				ALWAYS_EMBED_SWIFT_STANDARD_LIBRARIES = YES;
				CODE_SIGN_STYLE = Automatic;
				INFOPLIST_FILE = SimpleTranslatorUITests/Info.plist;
				LD_RUNPATH_SEARCH_PATHS = (
					"$(inherited)",
					"@executable_path/Frameworks",
					"@loader_path/Frameworks",
				);
				PRODUCT_BUNDLE_IDENTIFIER = none.SimpleTranslatorUITests;
				PRODUCT_NAME = "$(TARGET_NAME)";
				SWIFT_VERSION = 4.2;
				TARGETED_DEVICE_FAMILY = "1,2";
				TEST_TARGET_NAME = SimpleTranslator;
			};
			name = Debug;
		};
		4BFA021121C93BDF0070FE15 /* Release */ = {
			isa = XCBuildConfiguration;
			buildSettings = {
				ALWAYS_EMBED_SWIFT_STANDARD_LIBRARIES = YES;
				CODE_SIGN_STYLE = Automatic;
				INFOPLIST_FILE = SimpleTranslatorUITests/Info.plist;
				LD_RUNPATH_SEARCH_PATHS = (
					"$(inherited)",
					"@executable_path/Frameworks",
					"@loader_path/Frameworks",
				);
				PRODUCT_BUNDLE_IDENTIFIER = none.SimpleTranslatorUITests;
				PRODUCT_NAME = "$(TARGET_NAME)";
				SWIFT_VERSION = 4.2;
				TARGETED_DEVICE_FAMILY = "1,2";
				TEST_TARGET_NAME = SimpleTranslator;
			};
			name = Release;
		};
/* End XCBuildConfiguration section */

/* Begin XCConfigurationList section */
		4BFA01D921C93BDE0070FE15 /* Build configuration list for PBXProject "SimpleTranslator" */ = {
			isa = XCConfigurationList;
			buildConfigurations = (
				4BFA020721C93BDF0070FE15 /* Debug */,
				4BFA020821C93BDF0070FE15 /* Release */,
			);
			defaultConfigurationIsVisible = 0;
			defaultConfigurationName = Release;
		};
		4BFA020921C93BDF0070FE15 /* Build configuration list for PBXNativeTarget "SimpleTranslator" */ = {
			isa = XCConfigurationList;
			buildConfigurations = (
				4BFA020A21C93BDF0070FE15 /* Debug */,
				4BFA020B21C93BDF0070FE15 /* Release */,
			);
			defaultConfigurationIsVisible = 0;
			defaultConfigurationName = Release;
		};
		4BFA020C21C93BDF0070FE15 /* Build configuration list for PBXNativeTarget "SimpleTranslatorTests" */ = {
			isa = XCConfigurationList;
			buildConfigurations = (
				4BFA020D21C93BDF0070FE15 /* Debug */,
				4BFA020E21C93BDF0070FE15 /* Release */,
			);
			defaultConfigurationIsVisible = 0;
			defaultConfigurationName = Release;
		};
		4BFA020F21C93BDF0070FE15 /* Build configuration list for PBXNativeTarget "SimpleTranslatorUITests" */ = {
			isa = XCConfigurationList;
			buildConfigurations = (
				4BFA021021C93BDF0070FE15 /* Debug */,
				4BFA021121C93BDF0070FE15 /* Release */,
			);
			defaultConfigurationIsVisible = 0;
			defaultConfigurationName = Release;
		};
/* End XCConfigurationList section */

/* Begin XCVersionGroup section */
		4BFA01E821C93BDE0070FE15 /* SimpleTranslator.xcdatamodeld */ = {
			isa = XCVersionGroup;
			children = (
				4BFA01E921C93BDE0070FE15 /* SimpleTranslator.xcdatamodel */,
			);
			currentVersion = 4BFA01E921C93BDE0070FE15 /* SimpleTranslator.xcdatamodel */;
			path = SimpleTranslator.xcdatamodeld;
			sourceTree = "<group>";
			versionGroupType = wrapper.xcdatamodel;
		};
/* End XCVersionGroup section */
	};
	rootObject = 4BFA01D621C93BDE0070FE15 /* Project object */;
}
